
Microsoft Visual Studio Solution File, Format Version 12.00
# Visual Studio 14
VisualStudioVersion = 14.0.25420.1
MinimumVisualStudioVersion = 10.0.40219.1
Project("{FAE04EC0-301F-11D3-BF4B-00C04F79EFBC}") = "BuilderPattern", "BuilderPattern\BuilderPattern.csproj", "{0DAEC8BD-481A-49A9-8976-2CF5E0E66F6B}"
EndProject
Project("{FAE04EC0-301F-11D3-BF4B-00C04F79EFBC}") = "BuilderPatternTests", "BuilderPatternTests\BuilderPatternTests.csproj", "{FEACB1CC-DE99-4F3A-939A-443576F62562}"
EndProject
Global
	GlobalSection(SolutionConfigurationPlatforms) = preSolution
		Debug|Any CPU = Debug|Any CPU
		Release|Any CPU = Release|Any CPU
	EndGlobalSection
	GlobalSection(ProjectConfigurationPlatforms) = postSolution
		{0DAEC8BD-481A-49A9-8976-2CF5E0E66F6B}.Debug|Any CPU.ActiveCfg = Debug|Any CPU
		{0DAEC8BD-481A-49A9-8976-2CF5E0E66F6B}.Debug|Any CPU.Build.0 = Debug|Any CPU
		{0DAEC8BD-481A-49A9-8976-2CF5E0E66F6B}.Release|Any CPU.ActiveCfg = Release|Any CPU
		{0DAEC8BD-481A-49A9-8976-2CF5E0E66F6B}.Release|Any CPU.Build.0 = Release|Any CPU
		{FEACB1CC-DE99-4F3A-939A-443576F62562}.Debug|Any CPU.ActiveCfg = Debug|Any CPU
		{FEACB1CC-DE99-4F3A-939A-443576F62562}.Debug|Any CPU.Build.0 = Debug|Any CPU
		{FEACB1CC-DE99-4F3A-939A-443576F62562}.Release|Any CPU.ActiveCfg = Release|Any CPU
		{FEACB1CC-DE99-4F3A-939A-443576F62562}.Release|Any CPU.Build.0 = Release|Any CPU
	EndGlobalSection
	GlobalSection(SolutionProperties) = preSolution
		HideSolutionNode = FALSE
	EndGlobalSection
EndGlobal
